
Microsoft Visual Studio Solution File, Format Version 12.00
# Visual Studio Version 16
VisualStudioVersion = 16.0.31911.196
MinimumVisualStudioVersion = 10.0.40219.1
Project("{FAE04EC0-301F-11D3-BF4B-00C04F79EFBC}") = "Lab14_WpfApp1", "Lab14_WpfApp1\Lab14_WpfApp1.csproj", "{102BBDAD-619E-4F1B-B8B9-879998503B51}"
EndProject
Global
	GlobalSection(SolutionConfigurationPlatforms) = preSolution
		Debug|Any CPU = Debug|Any CPU
		Release|Any CPU = Release|Any CPU
	EndGlobalSection
	GlobalSection(ProjectConfigurationPlatforms) = postSolution
		{102BBDAD-619E-4F1B-B8B9-879998503B51}.Debug|Any CPU.ActiveCfg = Debug|Any CPU
		{102BBDAD-619E-4F1B-B8B9-879998503B51}.Debug|Any CPU.Build.0 = Debug|Any CPU
		{102BBDAD-619E-4F1B-B8B9-879998503B51}.Release|Any CPU.ActiveCfg = Release|Any CPU
		{102BBDAD-619E-4F1B-B8B9-879998503B51}.Release|Any CPU.Build.0 = Release|Any CPU
	EndGlobalSection
	GlobalSection(SolutionProperties) = preSolution
		HideSolutionNode = FALSE
	EndGlobalSection
	GlobalSection(ExtensibilityGlobals) = postSolution
		SolutionGuid = {8FD1115F-3EA4-495C-ADD8-921A294F2FA1}
	EndGlobalSection
EndGlobal
